
Microsoft Visual Studio Solution File, Format Version 12.00
# Visual Studio 15
VisualStudioVersion = 15.0.27428.2037
MinimumVisualStudioVersion = 10.0.40219.1
Project("{FAE04EC0-301F-11D3-BF4B-00C04F79EFBC}") = "FarmLabDevice.Android", "FarmLabDevice\FarmLabDevice.Android\FarmLabDevice.Android.csproj", "{74C41CA7-9AA7-4953-8BB8-9C9E8AFEDBB5}"
EndProject
Project("{FAE04EC0-301F-11D3-BF4B-00C04F79EFBC}") = "FarmLabDevice.iOS", "FarmLabDevice\FarmLabDevice.iOS\FarmLabDevice.iOS.csproj", "{D83C116C-B75F-4196-9CF9-AC37B62F47AD}"
EndProject
Project("{FAE04EC0-301F-11D3-BF4B-00C04F79EFBC}") = "FarmLabDevice.UWP.App", "FarmLabDevice\FarmLabDevice.UWP\FarmLabDevice.UWP.App.csproj", "{B52A4837-D979-4F86-8654-C821B32EC2BB}"
EndProject
Project("{9A19103F-16F7-4668-BE54-9A1E7A4F7556}") = "FarmLabDevice", "FarmLabDevice\FarmLabDevice\FarmLabDevice.csproj", "{17CC25DE-F395-4C06-A91F-589CC5984812}"
EndProject
Global
	GlobalSection(SolutionConfigurationPlatforms) = preSolution
		Ad-Hoc|Any CPU = Ad-Hoc|Any CPU
		Ad-Hoc|ARM = Ad-Hoc|ARM
		Ad-Hoc|iPhone = Ad-Hoc|iPhone
		Ad-Hoc|iPhoneSimulator = Ad-Hoc|iPhoneSimulator
		Ad-Hoc|x64 = Ad-Hoc|x64
		Ad-Hoc|x86 = Ad-Hoc|x86
		AppStore|Any CPU = AppStore|Any CPU
		AppStore|ARM = AppStore|ARM
		AppStore|iPhone = AppStore|iPhone
		AppStore|iPhoneSimulator = AppStore|iPhoneSimulator
		AppStore|x64 = AppStore|x64
		AppStore|x86 = AppStore|x86
		Debug|Any CPU = Debug|Any CPU
		Debug|ARM = Debug|ARM
		Debug|iPhone = Debug|iPhone
		Debug|iPhoneSimulator = Debug|iPhoneSimulator
		Debug|x64 = Debug|x64
		Debug|x86 = Debug|x86
		Release|Any CPU = Release|Any CPU
		Release|ARM = Release|ARM
		Release|iPhone = Release|iPhone
		Release|iPhoneSimulator = Release|iPhoneSimulator
		Release|x64 = Release|x64
		Release|x86 = Release|x86
	EndGlobalSection
	GlobalSection(ProjectConfigurationPlatforms) = postSolution
		{74C41CA7-9AA7-4953-8BB8-9C9E8AFEDBB5}.Ad-Hoc|Any CPU.ActiveCfg = Release|Any CPU
		{74C41CA7-9AA7-4953-8BB8-9C9E8AFEDBB5}.Ad-Hoc|Any CPU.Build.0 = Release|Any CPU
		{74C41CA7-9AA7-4953-8BB8-9C9E8AFEDBB5}.Ad-Hoc|Any CPU.Deploy.0 = Release|Any CPU
		{74C41CA7-9AA7-4953-8BB8-9C9E8AFEDBB5}.Ad-Hoc|ARM.ActiveCfg = Release|Any CPU
		{74C41CA7-9AA7-4953-8BB8-9C9E8AFEDBB5}.Ad-Hoc|ARM.Build.0 = Release|Any CPU
		{74C41CA7-9AA7-4953-8BB8-9C9E8AFEDBB5}.Ad-Hoc|ARM.Deploy.0 = Release|Any CPU
		{74C41CA7-9AA7-4953-8BB8-9C9E8AFEDBB5}.Ad-Hoc|iPhone.ActiveCfg = Release|Any CPU
		{74C41CA7-9AA7-4953-8BB8-9C9E8AFEDBB5}.Ad-Hoc|iPhone.Build.0 = Release|Any CPU
		{74C41CA7-9AA7-4953-8BB8-9C9E8AFEDBB5}.Ad-Hoc|iPhone.Deploy.0 = Release|Any CPU
		{74C41CA7-9AA7-4953-8BB8-9C9E8AFEDBB5}.Ad-Hoc|iPhoneSimulator.ActiveCfg = Release|Any CPU
		{74C41CA7-9AA7-4953-8BB8-9C9E8AFEDBB5}.Ad-Hoc|iPhoneSimulator.Build.0 = Release|Any CPU
		{74C41CA7-9AA7-4953-8BB8-9C9E8AFEDBB5}.Ad-Hoc|iPhoneSimulator.Deploy.0 = Release|Any CPU
		{74C41CA7-9AA7-4953-8BB8-9C9E8AFEDBB5}.Ad-Hoc|x64.ActiveCfg = Release|Any CPU
		{74C41CA7-9AA7-4953-8BB8-9C9E8AFEDBB5}.Ad-Hoc|x64.Build.0 = Release|Any CPU
		{74C41CA7-9AA7-4953-8BB8-9C9E8AFEDBB5}.Ad-Hoc|x64.Deploy.0 = Release|Any CPU
		{74C41CA7-9AA7-4953-8BB8-9C9E8AFEDBB5}.Ad-Hoc|x86.ActiveCfg = Release|Any CPU
		{74C41CA7-9AA7-4953-8BB8-9C9E8AFEDBB5}.Ad-Hoc|x86.Build.0 = Release|Any CPU
		{74C41CA7-9AA7-4953-8BB8-9C9E8AFEDBB5}.Ad-Hoc|x86.Deploy.0 = Release|Any CPU
		{74C41CA7-9AA7-4953-8BB8-9C9E8AFEDBB5}.AppStore|Any CPU.ActiveCfg = Release|Any CPU
		{74C41CA7-9AA7-4953-8BB8-9C9E8AFEDBB5}.AppStore|Any CPU.Build.0 = Release|Any CPU
		{74C41CA7-9AA7-4953-8BB8-9C9E8AFEDBB5}.AppStore|Any CPU.Deploy.0 = Release|Any CPU
		{74C41CA7-9AA7-4953-8BB8-9C9E8AFEDBB5}.AppStore|ARM.ActiveCfg = Release|Any CPU
		{74C41CA7-9AA7-4953-8BB8-9C9E8AFEDBB5}.AppStore|ARM.Build.0 = Release|Any CPU
		{74C41CA7-9AA7-4953-8BB8-9C9E8AFEDBB5}.AppStore|ARM.Deploy.0 = Release|Any CPU
		{74C41CA7-9AA7-4953-8BB8-9C9E8AFEDBB5}.AppStore|iPhone.ActiveCfg = Release|Any CPU
		{74C41CA7-9AA7-4953-8BB8-9C9E8AFEDBB5}.AppStore|iPhone.Build.0 = Release|Any CPU
		{74C41CA7-9AA7-4953-8BB8-9C9E8AFEDBB5}.AppStore|iPhone.Deploy.0 = Release|Any CPU
		{74C41CA7-9AA7-4953-8BB8-9C9E8AFEDBB5}.AppStore|iPhoneSimulator.ActiveCfg = Release|Any CPU
		{74C41CA7-9AA7-4953-8BB8-9C9E8AFEDBB5}.AppStore|iPhoneSimulator.Build.0 = Release|Any CPU
		{74C41CA7-9AA7-4953-8BB8-9C9E8AFEDBB5}.AppStore|iPhoneSimulator.Deploy.0 = Release|Any CPU
		{74C41CA7-9AA7-4953-8BB8-9C9E8AFEDBB5}.AppStore|x64.ActiveCfg = Release|Any CPU
		{74C41CA7-9AA7-4953-8BB8-9C9E8AFEDBB5}.AppStore|x64.Build.0 = Release|Any CPU
		{74C41CA7-9AA7-4953-8BB8-9C9E8AFEDBB5}.AppStore|x64.Deploy.0 = Release|Any CPU
		{74C41CA7-9AA7-4953-8BB8-9C9E8AFEDBB5}.AppStore|x86.ActiveCfg = Release|Any CPU
		{74C41CA7-9AA7-4953-8BB8-9C9E8AFEDBB5}.AppStore|x86.Build.0 = Release|Any CPU
		{74C41CA7-9AA7-4953-8BB8-9C9E8AFEDBB5}.AppStore|x86.Deploy.0 = Release|Any CPU
		{74C41CA7-9AA7-4953-8BB8-9C9E8AFEDBB5}.Debug|Any CPU.ActiveCfg = Debug|Any CPU
		{74C41CA7-9AA7-4953-8BB8-9C9E8AFEDBB5}.Debug|Any CPU.Build.0 = Debug|Any CPU
		{74C41CA7-9AA7-4953-8BB8-9C9E8AFEDBB5}.Debug|Any CPU.Deploy.0 = Debug|Any CPU
		{74C41CA7-9AA7-4953-8BB8-9C9E8AFEDBB5}.Debug|ARM.ActiveCfg = Debug|Any CPU
		{74C41CA7-9AA7-4953-8BB8-9C9E8AFEDBB5}.Debug|ARM.Build.0 = Debug|Any CPU
		{74C41CA7-9AA7-4953-8BB8-9C9E8AFEDBB5}.Debug|ARM.Deploy.0 = Debug|Any CPU
		{74C41CA7-9AA7-4953-8BB8-9C9E8AFEDBB5}.Debug|iPhone.ActiveCfg = Debug|Any CPU
		{74C41CA7-9AA7-4953-8BB8-9C9E8AFEDBB5}.Debug|iPhone.Build.0 = Debug|Any CPU
		{74C41CA7-9AA7-4953-8BB8-9C9E8AFEDBB5}.Debug|iPhone.Deploy.0 = Debug|Any CPU
		{74C41CA7-9AA7-4953-8BB8-9C9E8AFEDBB5}.Debug|iPhoneSimulator.ActiveCfg = Debug|Any CPU
		{74C41CA7-9AA7-4953-8BB8-9C9E8AFEDBB5}.Debug|iPhoneSimulator.Build.0 = Debug|Any CPU
		{74C41CA7-9AA7-4953-8BB8-9C9E8AFEDBB5}.Debug|iPhoneSimulator.Deploy.0 = Debug|Any CPU
		{74C41CA7-9AA7-4953-8BB8-9C9E8AFEDBB5}.Debug|x64.ActiveCfg = Debug|Any CPU
		{74C41CA7-9AA7-4953-8BB8-9C9E8AFEDBB5}.Debug|x64.Build.0 = Debug|Any CPU
		{74C41CA7-9AA7-4953-8BB8-9C9E8AFEDBB5}.Debug|x64.Deploy.0 = Debug|Any CPU
		{74C41CA7-9AA7-4953-8BB8-9C9E8AFEDBB5}.Debug|x86.ActiveCfg = Debug|Any CPU
		{74C41CA7-9AA7-4953-8BB8-9C9E8AFEDBB5}.Debug|x86.Build.0 = Debug|Any CPU
		{74C41CA7-9AA7-4953-8BB8-9C9E8AFEDBB5}.Debug|x86.Deploy.0 = Debug|Any CPU
		{74C41CA7-9AA7-4953-8BB8-9C9E8AFEDBB5}.Release|Any CPU.ActiveCfg = Release|Any CPU
		{74C41CA7-9AA7-4953-8BB8-9C9E8AFEDBB5}.Release|Any CPU.Build.0 = Release|Any CPU
		{74C41CA7-9AA7-4953-8BB8-9C9E8AFEDBB5}.Release|Any CPU.Deploy.0 = Release|Any CPU
		{74C41CA7-9AA7-4953-8BB8-9C9E8AFEDBB5}.Release|ARM.ActiveCfg = Release|Any CPU
		{74C41CA7-9AA7-4953-8BB8-9C9E8AFEDBB5}.Release|ARM.Build.0 = Release|Any CPU
		{74C41CA7-9AA7-4953-8BB8-9C9E8AFEDBB5}.Release|ARM.Deploy.0 = Release|Any CPU
		{74C41CA7-9AA7-4953-8BB8-9C9E8AFEDBB5}.Release|iPhone.ActiveCfg = Release|Any CPU
		{74C41CA7-9AA7-4953-8BB8-9C9E8AFEDBB5}.Release|iPhone.Build.0 = Release|Any CPU
		{74C41CA7-9AA7-4953-8BB8-9C9E8AFEDBB5}.Release|iPhone.Deploy.0 = Release|Any CPU
		{74C41CA7-9AA7-4953-8BB8-9C9E8AFEDBB5}.Release|iPhoneSimulator.ActiveCfg = Release|Any CPU
		{74C41CA7-9AA7-4953-8BB8-9C9E8AFEDBB5}.Release|iPhoneSimulator.Build.0 = Release|Any CPU
		{74C41CA7-9AA7-4953-8BB8-9C9E8AFEDBB5}.Release|iPhoneSimulator.Deploy.0 = Release|Any CPU
		{74C41CA7-9AA7-4953-8BB8-9C9E8AFEDBB5}.Release|x64.ActiveCfg = Release|Any CPU
		{74C41CA7-9AA7-4953-8BB8-9C9E8AFEDBB5}.Release|x64.Build.0 = Release|Any CPU
		{74C41CA7-9AA7-4953-8BB8-9C9E8AFEDBB5}.Release|x64.Deploy.0 = Release|Any CPU
		{74C41CA7-9AA7-4953-8BB8-9C9E8AFEDBB5}.Release|x86.ActiveCfg = Release|Any CPU
		{74C41CA7-9AA7-4953-8BB8-9C9E8AFEDBB5}.Release|x86.Build.0 = Release|Any CPU
		{74C41CA7-9AA7-4953-8BB8-9C9E8AFEDBB5}.Release|x86.Deploy.0 = Release|Any CPU
		{D83C116C-B75F-4196-9CF9-AC37B62F47AD}.Ad-Hoc|Any CPU.ActiveCfg = Ad-Hoc|iPhone
		{D83C116C-B75F-4196-9CF9-AC37B62F47AD}.Ad-Hoc|ARM.ActiveCfg = Ad-Hoc|iPhone
		{D83C116C-B75F-4196-9CF9-AC37B62F47AD}.Ad-Hoc|iPhone.ActiveCfg = Ad-Hoc|iPhone
		{D83C116C-B75F-4196-9CF9-AC37B62F47AD}.Ad-Hoc|iPhone.Build.0 = Ad-Hoc|iPhone
		{D83C116C-B75F-4196-9CF9-AC37B62F47AD}.Ad-Hoc|iPhoneSimulator.ActiveCfg = Ad-Hoc|iPhoneSimulator
		{D83C116C-B75F-4196-9CF9-AC37B62F47AD}.Ad-Hoc|iPhoneSimulator.Build.0 = Ad-Hoc|iPhoneSimulator
		{D83C116C-B75F-4196-9CF9-AC37B62F47AD}.Ad-Hoc|x64.ActiveCfg = Ad-Hoc|iPhone
		{D83C116C-B75F-4196-9CF9-AC37B62F47AD}.Ad-Hoc|x86.ActiveCfg = Ad-Hoc|iPhone
		{D83C116C-B75F-4196-9CF9-AC37B62F47AD}.AppStore|Any CPU.ActiveCfg = AppStore|iPhone
		{D83C116C-B75F-4196-9CF9-AC37B62F47AD}.AppStore|ARM.ActiveCfg = AppStore|iPhone
		{D83C116C-B75F-4196-9CF9-AC37B62F47AD}.AppStore|iPhone.ActiveCfg = AppStore|iPhone
		{D83C116C-B75F-4196-9CF9-AC37B62F47AD}.AppStore|iPhone.Build.0 = AppStore|iPhone
		{D83C116C-B75F-4196-9CF9-AC37B62F47AD}.AppStore|iPhoneSimulator.ActiveCfg = AppStore|iPhoneSimulator
		{D83C116C-B75F-4196-9CF9-AC37B62F47AD}.AppStore|iPhoneSimulator.Build.0 = AppStore|iPhoneSimulator
		{D83C116C-B75F-4196-9CF9-AC37B62F47AD}.AppStore|x64.ActiveCfg = AppStore|iPhone
		{D83C116C-B75F-4196-9CF9-AC37B62F47AD}.AppStore|x86.ActiveCfg = AppStore|iPhone
		{D83C116C-B75F-4196-9CF9-AC37B62F47AD}.Debug|Any CPU.ActiveCfg = Debug|iPhone
		{D83C116C-B75F-4196-9CF9-AC37B62F47AD}.Debug|ARM.ActiveCfg = Debug|iPhone
		{D83C116C-B75F-4196-9CF9-AC37B62F47AD}.Debug|iPhone.ActiveCfg = Debug|iPhone
		{D83C116C-B75F-4196-9CF9-AC37B62F47AD}.Debug|iPhone.Build.0 = Debug|iPhone
		{D83C116C-B75F-4196-9CF9-AC37B62F47AD}.Debug|iPhoneSimulator.ActiveCfg = Debug|iPhoneSimulator
		{D83C116C-B75F-4196-9CF9-AC37B62F47AD}.Debug|iPhoneSimulator.Build.0 = Debug|iPhoneSimulator
		{D83C116C-B75F-4196-9CF9-AC37B62F47AD}.Debug|x64.ActiveCfg = Debug|iPhone
		{D83C116C-B75F-4196-9CF9-AC37B62F47AD}.Debug|x86.ActiveCfg = Debug|iPhone
		{D83C116C-B75F-4196-9CF9-AC37B62F47AD}.Release|Any CPU.ActiveCfg = Release|iPhone
		{D83C116C-B75F-4196-9CF9-AC37B62F47AD}.Release|ARM.ActiveCfg = Release|iPhone
		{D83C116C-B75F-4196-9CF9-AC37B62F47AD}.Release|iPhone.ActiveCfg = Release|iPhone
		{D83C116C-B75F-4196-9CF9-AC37B62F47AD}.Release|iPhone.Build.0 = Release|iPhone
		{D83C116C-B75F-4196-9CF9-AC37B62F47AD}.Release|iPhoneSimulator.ActiveCfg = Release|iPhoneSimulator
		{D83C116C-B75F-4196-9CF9-AC37B62F47AD}.Release|iPhoneSimulator.Build.0 = Release|iPhoneSimulator
		{D83C116C-B75F-4196-9CF9-AC37B62F47AD}.Release|x64.ActiveCfg = Release|iPhone
		{D83C116C-B75F-4196-9CF9-AC37B62F47AD}.Release|x86.ActiveCfg = Release|iPhone
		{B52A4837-D979-4F86-8654-C821B32EC2BB}.Ad-Hoc|Any CPU.ActiveCfg = Release|x86
		{B52A4837-D979-4F86-8654-C821B32EC2BB}.Ad-Hoc|Any CPU.Build.0 = Release|x86
		{B52A4837-D979-4F86-8654-C821B32EC2BB}.Ad-Hoc|Any CPU.Deploy.0 = Release|x86
		{B52A4837-D979-4F86-8654-C821B32EC2BB}.Ad-Hoc|ARM.ActiveCfg = Release|ARM
		{B52A4837-D979-4F86-8654-C821B32EC2BB}.Ad-Hoc|ARM.Build.0 = Release|ARM
		{B52A4837-D979-4F86-8654-C821B32EC2BB}.Ad-Hoc|ARM.Deploy.0 = Release|ARM
		{B52A4837-D979-4F86-8654-C821B32EC2BB}.Ad-Hoc|iPhone.ActiveCfg = Release|x86
		{B52A4837-D979-4F86-8654-C821B32EC2BB}.Ad-Hoc|iPhone.Build.0 = Release|x86
		{B52A4837-D979-4F86-8654-C821B32EC2BB}.Ad-Hoc|iPhone.Deploy.0 = Release|x86
		{B52A4837-D979-4F86-8654-C821B32EC2BB}.Ad-Hoc|iPhoneSimulator.ActiveCfg = Release|x86
		{B52A4837-D979-4F86-8654-C821B32EC2BB}.Ad-Hoc|iPhoneSimulator.Build.0 = Release|x86
		{B52A4837-D979-4F86-8654-C821B32EC2BB}.Ad-Hoc|iPhoneSimulator.Deploy.0 = Release|x86
		{B52A4837-D979-4F86-8654-C821B32EC2BB}.Ad-Hoc|x64.ActiveCfg = Release|x64
		{B52A4837-D979-4F86-8654-C821B32EC2BB}.Ad-Hoc|x64.Build.0 = Release|x64
		{B52A4837-D979-4F86-8654-C821B32EC2BB}.Ad-Hoc|x64.Deploy.0 = Release|x64
		{B52A4837-D979-4F86-8654-C821B32EC2BB}.Ad-Hoc|x86.ActiveCfg = Release|x86
		{B52A4837-D979-4F86-8654-C821B32EC2BB}.Ad-Hoc|x86.Build.0 = Release|x86
		{B52A4837-D979-4F86-8654-C821B32EC2BB}.Ad-Hoc|x86.Deploy.0 = Release|x86
		{B52A4837-D979-4F86-8654-C821B32EC2BB}.AppStore|Any CPU.ActiveCfg = Release|x86
		{B52A4837-D979-4F86-8654-C821B32EC2BB}.AppStore|Any CPU.Build.0 = Release|x86
		{B52A4837-D979-4F86-8654-C821B32EC2BB}.AppStore|Any CPU.Deploy.0 = Release|x86
		{B52A4837-D979-4F86-8654-C821B32EC2BB}.AppStore|ARM.ActiveCfg = Release|ARM
		{B52A4837-D979-4F86-8654-C821B32EC2BB}.AppStore|ARM.Build.0 = Release|ARM
		{B52A4837-D979-4F86-8654-C821B32EC2BB}.AppStore|ARM.Deploy.0 = Release|ARM
		{B52A4837-D979-4F86-8654-C821B32EC2BB}.AppStore|iPhone.ActiveCfg = Release|x86
		{B52A4837-D979-4F86-8654-C821B32EC2BB}.AppStore|iPhone.Build.0 = Release|x86
		{B52A4837-D979-4F86-8654-C821B32EC2BB}.AppStore|iPhone.Deploy.0 = Release|x86
		{B52A4837-D979-4F86-8654-C821B32EC2BB}.AppStore|iPhoneSimulator.ActiveCfg = Release|x86
		{B52A4837-D979-4F86-8654-C821B32EC2BB}.AppStore|iPhoneSimulator.Build.0 = Release|x86
		{B52A4837-D979-4F86-8654-C821B32EC2BB}.AppStore|iPhoneSimulator.Deploy.0 = Release|x86
		{B52A4837-D979-4F86-8654-C821B32EC2BB}.AppStore|x64.ActiveCfg = Release|x64
		{B52A4837-D979-4F86-8654-C821B32EC2BB}.AppStore|x64.Build.0 = Release|x64
		{B52A4837-D979-4F86-8654-C821B32EC2BB}.AppStore|x64.Deploy.0 = Release|x64
		{B52A4837-D979-4F86-8654-C821B32EC2BB}.AppStore|x86.ActiveCfg = Release|x86
		{B52A4837-D979-4F86-8654-C821B32EC2BB}.AppStore|x86.Build.0 = Release|x86
		{B52A4837-D979-4F86-8654-C821B32EC2BB}.AppStore|x86.Deploy.0 = Release|x86
		{B52A4837-D979-4F86-8654-C821B32EC2BB}.Debug|Any CPU.ActiveCfg = Debug|x86
		{B52A4837-D979-4F86-8654-C821B32EC2BB}.Debug|ARM.ActiveCfg = Debug|ARM
		{B52A4837-D979-4F86-8654-C821B32EC2BB}.Debug|ARM.Build.0 = Debug|ARM
		{B52A4837-D979-4F86-8654-C821B32EC2BB}.Debug|ARM.Deploy.0 = Debug|ARM
		{B52A4837-D979-4F86-8654-C821B32EC2BB}.Debug|iPhone.ActiveCfg = Debug|x86
		{B52A4837-D979-4F86-8654-C821B32EC2BB}.Debug|iPhoneSimulator.ActiveCfg = Debug|x86
		{B52A4837-D979-4F86-8654-C821B32EC2BB}.Debug|x64.ActiveCfg = Debug|x64
		{B52A4837-D979-4F86-8654-C821B32EC2BB}.Debug|x64.Build.0 = Debug|x64
		{B52A4837-D979-4F86-8654-C821B32EC2BB}.Debug|x64.Deploy.0 = Debug|x64
		{B52A4837-D979-4F86-8654-C821B32EC2BB}.Debug|x86.ActiveCfg = Debug|x86
		{B52A4837-D979-4F86-8654-C821B32EC2BB}.Debug|x86.Build.0 = Debug|x86
		{B52A4837-D979-4F86-8654-C821B32EC2BB}.Debug|x86.Deploy.0 = Debug|x86
		{B52A4837-D979-4F86-8654-C821B32EC2BB}.Release|Any CPU.ActiveCfg = Release|x86
		{B52A4837-D979-4F86-8654-C821B32EC2BB}.Release|ARM.ActiveCfg = Release|ARM
		{B52A4837-D979-4F86-8654-C821B32EC2BB}.Release|ARM.Build.0 = Release|ARM
		{B52A4837-D979-4F86-8654-C821B32EC2BB}.Release|ARM.Deploy.0 = Release|ARM
		{B52A4837-D979-4F86-8654-C821B32EC2BB}.Release|iPhone.ActiveCfg = Release|x86
		{B52A4837-D979-4F86-8654-C821B32EC2BB}.Release|iPhoneSimulator.ActiveCfg = Release|x86
		{B52A4837-D979-4F86-8654-C821B32EC2BB}.Release|x64.ActiveCfg = Release|x64
		{B52A4837-D979-4F86-8654-C821B32EC2BB}.Release|x64.Build.0 = Release|x64
		{B52A4837-D979-4F86-8654-C821B32EC2BB}.Release|x64.Deploy.0 = Release|x64
		{B52A4837-D979-4F86-8654-C821B32EC2BB}.Release|x86.ActiveCfg = Release|x86
		{B52A4837-D979-4F86-8654-C821B32EC2BB}.Release|x86.Build.0 = Release|x86
		{B52A4837-D979-4F86-8654-C821B32EC2BB}.Release|x86.Deploy.0 = Release|x86
		{17CC25DE-F395-4C06-A91F-589CC5984812}.Ad-Hoc|Any CPU.ActiveCfg = Debug|Any CPU
		{17CC25DE-F395-4C06-A91F-589CC5984812}.Ad-Hoc|Any CPU.Build.0 = Debug|Any CPU
		{17CC25DE-F395-4C06-A91F-589CC5984812}.Ad-Hoc|ARM.ActiveCfg = Debug|Any CPU
		{17CC25DE-F395-4C06-A91F-589CC5984812}.Ad-Hoc|ARM.Build.0 = Debug|Any CPU
		{17CC25DE-F395-4C06-A91F-589CC5984812}.Ad-Hoc|iPhone.ActiveCfg = Debug|Any CPU
		{17CC25DE-F395-4C06-A91F-589CC5984812}.Ad-Hoc|iPhone.Build.0 = Debug|Any CPU
		{17CC25DE-F395-4C06-A91F-589CC5984812}.Ad-Hoc|iPhoneSimulator.ActiveCfg = Debug|Any CPU
		{17CC25DE-F395-4C06-A91F-589CC5984812}.Ad-Hoc|iPhoneSimulator.Build.0 = Debug|Any CPU
		{17CC25DE-F395-4C06-A91F-589CC5984812}.Ad-Hoc|x64.ActiveCfg = Debug|Any CPU
		{17CC25DE-F395-4C06-A91F-589CC5984812}.Ad-Hoc|x64.Build.0 = Debug|Any CPU
		{17CC25DE-F395-4C06-A91F-589CC5984812}.Ad-Hoc|x86.ActiveCfg = Debug|Any CPU
		{17CC25DE-F395-4C06-A91F-589CC5984812}.Ad-Hoc|x86.Build.0 = Debug|Any CPU
		{17CC25DE-F395-4C06-A91F-589CC5984812}.AppStore|Any CPU.ActiveCfg = Debug|Any CPU
		{17CC25DE-F395-4C06-A91F-589CC5984812}.AppStore|Any CPU.Build.0 = Debug|Any CPU
		{17CC25DE-F395-4C06-A91F-589CC5984812}.AppStore|ARM.ActiveCfg = Debug|Any CPU
		{17CC25DE-F395-4C06-A91F-589CC5984812}.AppStore|ARM.Build.0 = Debug|Any CPU
		{17CC25DE-F395-4C06-A91F-589CC5984812}.AppStore|iPhone.ActiveCfg = Debug|Any CPU
		{17CC25DE-F395-4C06-A91F-589CC5984812}.AppStore|iPhone.Build.0 = Debug|Any CPU
		{17CC25DE-F395-4C06-A91F-589CC5984812}.AppStore|iPhoneSimulator.ActiveCfg = Debug|Any CPU
		{17CC25DE-F395-4C06-A91F-589CC5984812}.AppStore|iPhoneSimulator.Build.0 = Debug|Any CPU
		{17CC25DE-F395-4C06-A91F-589CC5984812}.AppStore|x64.ActiveCfg = Debug|Any CPU
		{17CC25DE-F395-4C06-A91F-589CC5984812}.AppStore|x64.Build.0 = Debug|Any CPU
		{17CC25DE-F395-4C06-A91F-589CC5984812}.AppStore|x86.ActiveCfg = Debug|Any CPU
		{17CC25DE-F395-4C06-A91F-589CC5984812}.AppStore|x86.Build.0 = Debug|Any CPU
		{17CC25DE-F395-4C06-A91F-589CC5984812}.Debug|Any CPU.ActiveCfg = Debug|Any CPU
		{17CC25DE-F395-4C06-A91F-589CC5984812}.Debug|Any CPU.Build.0 = Debug|Any CPU
		{17CC25DE-F395-4C06-A91F-589CC5984812}.Debug|ARM.ActiveCfg = Debug|Any CPU
		{17CC25DE-F395-4C06-A91F-589CC5984812}.Debug|ARM.Build.0 = Debug|Any CPU
		{17CC25DE-F395-4C06-A91F-589CC5984812}.Debug|iPhone.ActiveCfg = Debug|Any CPU
		{17CC25DE-F395-4C06-A91F-589CC5984812}.Debug|iPhone.Build.0 = Debug|Any CPU
		{17CC25DE-F395-4C06-A91F-589CC5984812}.Debug|iPhoneSimulator.ActiveCfg = Debug|Any CPU
		{17CC25DE-F395-4C06-A91F-589CC5984812}.Debug|iPhoneSimulator.Build.0 = Debug|Any CPU
		{17CC25DE-F395-4C06-A91F-589CC5984812}.Debug|x64.ActiveCfg = Debug|Any CPU
		{17CC25DE-F395-4C06-A91F-589CC5984812}.Debug|x64.Build.0 = Debug|Any CPU
		{17CC25DE-F395-4C06-A91F-589CC5984812}.Debug|x86.ActiveCfg = Debug|Any CPU
		{17CC25DE-F395-4C06-A91F-589CC5984812}.Debug|x86.Build.0 = Debug|Any CPU
		{17CC25DE-F395-4C06-A91F-589CC5984812}.Release|Any CPU.ActiveCfg = Release|Any CPU
		{17CC25DE-F395-4C06-A91F-589CC5984812}.Release|Any CPU.Build.0 = Release|Any CPU
		{17CC25DE-F395-4C06-A91F-589CC5984812}.Release|ARM.ActiveCfg = Release|Any CPU
		{17CC25DE-F395-4C06-A91F-589CC5984812}.Release|ARM.Build.0 = Release|Any CPU
		{17CC25DE-F395-4C06-A91F-589CC5984812}.Release|iPhone.ActiveCfg = Release|Any CPU
		{17CC25DE-F395-4C06-A91F-589CC5984812}.Release|iPhone.Build.0 = Release|Any CPU
		{17CC25DE-F395-4C06-A91F-589CC5984812}.Release|iPhoneSimulator.ActiveCfg = Release|Any CPU
		{17CC25DE-F395-4C06-A91F-589CC5984812}.Release|iPhoneSimulator.Build.0 = Release|Any CPU
		{17CC25DE-F395-4C06-A91F-589CC5984812}.Release|x64.ActiveCfg = Release|Any CPU
		{17CC25DE-F395-4C06-A91F-589CC5984812}.Release|x64.Build.0 = Release|Any CPU
		{17CC25DE-F395-4C06-A91F-589CC5984812}.Release|x86.ActiveCfg = Release|Any CPU
		{17CC25DE-F395-4C06-A91F-589CC5984812}.Release|x86.Build.0 = Release|Any CPU
	EndGlobalSection
	GlobalSection(SolutionProperties) = preSolution
		HideSolutionNode = FALSE
	EndGlobalSection
	GlobalSection(ExtensibilityGlobals) = postSolution
		SolutionGuid = {2F998A5C-0381-4763-8B57-7ECFA8AAC2FF}
	EndGlobalSection
EndGlobal
