
Microsoft Visual Studio Solution File, Format Version 12.00
# Visual Studio 15
VisualStudioVersion = 15.0.26730.10
MinimumVisualStudioVersion = 10.0.40219.1


Project("{9A19103F-16F7-4668-BE54-9A1E7A4F7556}") = "FarmLabDevice", "FarmLabDevice\FarmLabDevice\FarmLabDevice.csproj", "{C19FA564-2066-40F4-B119-A7B1849203D1}"
EndProject

Project("{FAE04EC0-301F-11D3-BF4B-00C04F79EFBC}") = "FarmLabDevice.iOS", "FarmLabDevice\FarmLabDevice.iOS\FarmLabDevice.iOS.csproj", "{D83C116C-B75F-4196-9CF9-AC37B62F47AD}"
EndProject


Project("{FAE04EC0-301F-11D3-BF4B-00C04F79EFBC}") = "FarmLabDevice.Android", "FarmLabDevice\FarmLabDevice.Android\FarmLabDevice.Android.csproj", "{BE5388F1-1AAC-4783-BD81-DFA171276118}"
EndProject

Project("{FAE04EC0-301F-11D3-BF4B-00C04F79EFBC}") = "FarmLabDevice.UWP", "FarmLabDevice\FarmLabDevice.UWP\FarmLabDevice.UWP.csproj", "{B52A4837-D979-4F86-8654-C821B32EC2BB}"
EndProject

Global
	GlobalSection(SolutionConfigurationPlatforms) = preSolution
		Ad-Hoc|Any CPU = Ad-Hoc|Any CPU
		Ad-Hoc|ARM = Ad-Hoc|ARM
		Ad-Hoc|iPhone = Ad-Hoc|iPhone
		Ad-Hoc|iPhoneSimulator = Ad-Hoc|iPhoneSimulator
		Ad-Hoc|x64 = Ad-Hoc|x64
		Ad-Hoc|x86 = Ad-Hoc|x86
		AppStore|Any CPU = AppStore|Any CPU
		AppStore|ARM = AppStore|ARM
		AppStore|iPhone = AppStore|iPhone
		AppStore|iPhoneSimulator = AppStore|iPhoneSimulator
		AppStore|x64 = AppStore|x64
		AppStore|x86 = AppStore|x86
		Debug|Any CPU = Debug|Any CPU
		Debug|ARM = Debug|ARM
		Debug|iPhone = Debug|iPhone
		Debug|iPhoneSimulator = Debug|iPhoneSimulator
		Debug|x64 = Debug|x64
		Debug|x86 = Debug|x86
		Release|Any CPU = Release|Any CPU
		Release|ARM = Release|ARM
		Release|iPhone = Release|iPhone
		Release|iPhoneSimulator = Release|iPhoneSimulator
		Release|x64 = Release|x64
		Release|x86 = Release|x86
	EndGlobalSection
	GlobalSection(ProjectConfigurationPlatforms) = postSolution
		{C19FA564-2066-40F4-B119-A7B1849203D1}.Ad-Hoc|Any CPU.ActiveCfg = Debug|Any CPU
		{C19FA564-2066-40F4-B119-A7B1849203D1}.Ad-Hoc|Any CPU.Build.0 = Debug|Any CPU
		{C19FA564-2066-40F4-B119-A7B1849203D1}.Ad-Hoc|ARM.ActiveCfg = Debug|Any CPU
		{C19FA564-2066-40F4-B119-A7B1849203D1}.Ad-Hoc|ARM.Build.0 = Debug|Any CPU
		{C19FA564-2066-40F4-B119-A7B1849203D1}.Ad-Hoc|iPhone.ActiveCfg = Debug|Any CPU
		{C19FA564-2066-40F4-B119-A7B1849203D1}.Ad-Hoc|iPhone.Build.0 = Debug|Any CPU
		{C19FA564-2066-40F4-B119-A7B1849203D1}.Ad-Hoc|iPhoneSimulator.ActiveCfg = Debug|Any CPU
		{C19FA564-2066-40F4-B119-A7B1849203D1}.Ad-Hoc|iPhoneSimulator.Build.0 = Debug|Any CPU
		{C19FA564-2066-40F4-B119-A7B1849203D1}.Ad-Hoc|x64.ActiveCfg = Debug|Any CPU
		{C19FA564-2066-40F4-B119-A7B1849203D1}.Ad-Hoc|x64.Build.0 = Debug|Any CPU
		{C19FA564-2066-40F4-B119-A7B1849203D1}.Ad-Hoc|x86.ActiveCfg = Debug|Any CPU
		{C19FA564-2066-40F4-B119-A7B1849203D1}.Ad-Hoc|x86.Build.0 = Debug|Any CPU
		{C19FA564-2066-40F4-B119-A7B1849203D1}.AppStore|Any CPU.ActiveCfg = Debug|Any CPU
		{C19FA564-2066-40F4-B119-A7B1849203D1}.AppStore|Any CPU.Build.0 = Debug|Any CPU
		{C19FA564-2066-40F4-B119-A7B1849203D1}.AppStore|ARM.ActiveCfg = Debug|Any CPU
		{C19FA564-2066-40F4-B119-A7B1849203D1}.AppStore|ARM.Build.0 = Debug|Any CPU
		{C19FA564-2066-40F4-B119-A7B1849203D1}.AppStore|iPhone.ActiveCfg = Debug|Any CPU
		{C19FA564-2066-40F4-B119-A7B1849203D1}.AppStore|iPhone.Build.0 = Debug|Any CPU
		{C19FA564-2066-40F4-B119-A7B1849203D1}.AppStore|iPhoneSimulator.ActiveCfg = Debug|Any CPU
		{C19FA564-2066-40F4-B119-A7B1849203D1}.AppStore|iPhoneSimulator.Build.0 = Debug|Any CPU
		{C19FA564-2066-40F4-B119-A7B1849203D1}.AppStore|x64.ActiveCfg = Debug|Any CPU
		{C19FA564-2066-40F4-B119-A7B1849203D1}.AppStore|x64.Build.0 = Debug|Any CPU
		{C19FA564-2066-40F4-B119-A7B1849203D1}.AppStore|x86.ActiveCfg = Debug|Any CPU
		{C19FA564-2066-40F4-B119-A7B1849203D1}.AppStore|x86.Build.0 = Debug|Any CPU
		{C19FA564-2066-40F4-B119-A7B1849203D1}.Debug|Any CPU.ActiveCfg = Debug|Any CPU
		{C19FA564-2066-40F4-B119-A7B1849203D1}.Debug|Any CPU.Build.0 = Debug|Any CPU
		{C19FA564-2066-40F4-B119-A7B1849203D1}.Debug|ARM.ActiveCfg = Debug|Any CPU
		{C19FA564-2066-40F4-B119-A7B1849203D1}.Debug|ARM.Build.0 = Debug|Any CPU
		{C19FA564-2066-40F4-B119-A7B1849203D1}.Debug|iPhone.ActiveCfg = Debug|Any CPU
		{C19FA564-2066-40F4-B119-A7B1849203D1}.Debug|iPhone.Build.0 = Debug|Any CPU
		{C19FA564-2066-40F4-B119-A7B1849203D1}.Debug|iPhoneSimulator.ActiveCfg = Debug|Any CPU
		{C19FA564-2066-40F4-B119-A7B1849203D1}.Debug|iPhoneSimulator.Build.0 = Debug|Any CPU
		{C19FA564-2066-40F4-B119-A7B1849203D1}.Debug|x64.ActiveCfg = Debug|Any CPU
		{C19FA564-2066-40F4-B119-A7B1849203D1}.Debug|x64.Build.0 = Debug|Any CPU
		{C19FA564-2066-40F4-B119-A7B1849203D1}.Debug|x86.ActiveCfg = Debug|Any CPU
		{C19FA564-2066-40F4-B119-A7B1849203D1}.Debug|x86.Build.0 = Debug|Any CPU
		{C19FA564-2066-40F4-B119-A7B1849203D1}.Release|Any CPU.ActiveCfg = Release|Any CPU
		{C19FA564-2066-40F4-B119-A7B1849203D1}.Release|Any CPU.Build.0 = Release|Any CPU
		{C19FA564-2066-40F4-B119-A7B1849203D1}.Release|ARM.ActiveCfg = Release|Any CPU
		{C19FA564-2066-40F4-B119-A7B1849203D1}.Release|ARM.Build.0 = Release|Any CPU
		{C19FA564-2066-40F4-B119-A7B1849203D1}.Release|iPhone.ActiveCfg = Release|Any CPU
		{C19FA564-2066-40F4-B119-A7B1849203D1}.Release|iPhone.Build.0 = Release|Any CPU
		{C19FA564-2066-40F4-B119-A7B1849203D1}.Release|iPhoneSimulator.ActiveCfg = Release|Any CPU
		{C19FA564-2066-40F4-B119-A7B1849203D1}.Release|iPhoneSimulator.Build.0 = Release|Any CPU
		{C19FA564-2066-40F4-B119-A7B1849203D1}.Release|x64.ActiveCfg = Release|Any CPU
		{C19FA564-2066-40F4-B119-A7B1849203D1}.Release|x64.Build.0 = Release|Any CPU
		{C19FA564-2066-40F4-B119-A7B1849203D1}.Release|x86.ActiveCfg = Release|Any CPU
		{C19FA564-2066-40F4-B119-A7B1849203D1}.Release|x86.Build.0 = Release|Any CPU
		{D83C116C-B75F-4196-9CF9-AC37B62F47AD}.Ad-Hoc|Any CPU.ActiveCfg = Ad-Hoc|iPhone
		{D83C116C-B75F-4196-9CF9-AC37B62F47AD}.Ad-Hoc|ARM.ActiveCfg = Ad-Hoc|iPhone
		{D83C116C-B75F-4196-9CF9-AC37B62F47AD}.Ad-Hoc|iPhone.ActiveCfg = Ad-Hoc|iPhone
		{D83C116C-B75F-4196-9CF9-AC37B62F47AD}.Ad-Hoc|iPhone.Build.0 = Ad-Hoc|iPhone
		{D83C116C-B75F-4196-9CF9-AC37B62F47AD}.Ad-Hoc|iPhoneSimulator.ActiveCfg = Ad-Hoc|iPhoneSimulator
		{D83C116C-B75F-4196-9CF9-AC37B62F47AD}.Ad-Hoc|iPhoneSimulator.Build.0 = Ad-Hoc|iPhoneSimulator
		{D83C116C-B75F-4196-9CF9-AC37B62F47AD}.Ad-Hoc|x64.ActiveCfg = Ad-Hoc|iPhone
		{D83C116C-B75F-4196-9CF9-AC37B62F47AD}.Ad-Hoc|x86.ActiveCfg = Ad-Hoc|iPhone
		{D83C116C-B75F-4196-9CF9-AC37B62F47AD}.AppStore|Any CPU.ActiveCfg = AppStore|iPhone
		{D83C116C-B75F-4196-9CF9-AC37B62F47AD}.AppStore|ARM.ActiveCfg = AppStore|iPhone
		{D83C116C-B75F-4196-9CF9-AC37B62F47AD}.AppStore|iPhone.ActiveCfg = AppStore|iPhone
		{D83C116C-B75F-4196-9CF9-AC37B62F47AD}.AppStore|iPhone.Build.0 = AppStore|iPhone
		{D83C116C-B75F-4196-9CF9-AC37B62F47AD}.AppStore|iPhoneSimulator.ActiveCfg = AppStore|iPhoneSimulator
		{D83C116C-B75F-4196-9CF9-AC37B62F47AD}.AppStore|iPhoneSimulator.Build.0 = AppStore|iPhoneSimulator
		{D83C116C-B75F-4196-9CF9-AC37B62F47AD}.AppStore|x64.ActiveCfg = AppStore|iPhone
		{D83C116C-B75F-4196-9CF9-AC37B62F47AD}.AppStore|x86.ActiveCfg = AppStore|iPhone
		{D83C116C-B75F-4196-9CF9-AC37B62F47AD}.Debug|Any CPU.ActiveCfg = Debug|iPhone
		{D83C116C-B75F-4196-9CF9-AC37B62F47AD}.Debug|ARM.ActiveCfg = Debug|iPhone
		{D83C116C-B75F-4196-9CF9-AC37B62F47AD}.Debug|iPhone.ActiveCfg = Debug|iPhone
		{D83C116C-B75F-4196-9CF9-AC37B62F47AD}.Debug|iPhone.Build.0 = Debug|iPhone
		{D83C116C-B75F-4196-9CF9-AC37B62F47AD}.Debug|iPhoneSimulator.ActiveCfg = Debug|iPhoneSimulator
		{D83C116C-B75F-4196-9CF9-AC37B62F47AD}.Debug|iPhoneSimulator.Build.0 = Debug|iPhoneSimulator
		{D83C116C-B75F-4196-9CF9-AC37B62F47AD}.Debug|x64.ActiveCfg = Debug|iPhone
		{D83C116C-B75F-4196-9CF9-AC37B62F47AD}.Debug|x86.ActiveCfg = Debug|iPhone
		{D83C116C-B75F-4196-9CF9-AC37B62F47AD}.Release|Any CPU.ActiveCfg = Release|iPhone
		{D83C116C-B75F-4196-9CF9-AC37B62F47AD}.Release|ARM.ActiveCfg = Release|iPhone
		{D83C116C-B75F-4196-9CF9-AC37B62F47AD}.Release|iPhone.ActiveCfg = Release|iPhone
		{D83C116C-B75F-4196-9CF9-AC37B62F47AD}.Release|iPhone.Build.0 = Release|iPhone
		{D83C116C-B75F-4196-9CF9-AC37B62F47AD}.Release|iPhoneSimulator.ActiveCfg = Release|iPhoneSimulator
		{D83C116C-B75F-4196-9CF9-AC37B62F47AD}.Release|iPhoneSimulator.Build.0 = Release|iPhoneSimulator
		{D83C116C-B75F-4196-9CF9-AC37B62F47AD}.Release|x64.ActiveCfg = Release|iPhone
		{D83C116C-B75F-4196-9CF9-AC37B62F47AD}.Release|x86.ActiveCfg = Release|iPhone
		{B52A4837-D979-4F86-8654-C821B32EC2BB}.Ad-Hoc|Any CPU.ActiveCfg = Release|x86
		{B52A4837-D979-4F86-8654-C821B32EC2BB}.Ad-Hoc|Any CPU.Build.0 = Release|x86
		{B52A4837-D979-4F86-8654-C821B32EC2BB}.Ad-Hoc|Any CPU.Deploy.0 = Release|x86
		{B52A4837-D979-4F86-8654-C821B32EC2BB}.Ad-Hoc|ARM.ActiveCfg = Release|ARM
		{B52A4837-D979-4F86-8654-C821B32EC2BB}.Ad-Hoc|ARM.Build.0 = Release|ARM
		{B52A4837-D979-4F86-8654-C821B32EC2BB}.Ad-Hoc|ARM.Deploy.0 = Release|ARM
		{B52A4837-D979-4F86-8654-C821B32EC2BB}.Ad-Hoc|iPhone.ActiveCfg = Release|x86
		{B52A4837-D979-4F86-8654-C821B32EC2BB}.Ad-Hoc|iPhone.Build.0 = Release|x86
		{B52A4837-D979-4F86-8654-C821B32EC2BB}.Ad-Hoc|iPhone.Deploy.0 = Release|x86
		{B52A4837-D979-4F86-8654-C821B32EC2BB}.Ad-Hoc|iPhoneSimulator.ActiveCfg = Release|x86
		{B52A4837-D979-4F86-8654-C821B32EC2BB}.Ad-Hoc|iPhoneSimulator.Build.0 = Release|x86
		{B52A4837-D979-4F86-8654-C821B32EC2BB}.Ad-Hoc|iPhoneSimulator.Deploy.0 = Release|x86
		{B52A4837-D979-4F86-8654-C821B32EC2BB}.Ad-Hoc|x64.ActiveCfg = Release|x64
		{B52A4837-D979-4F86-8654-C821B32EC2BB}.Ad-Hoc|x64.Build.0 = Release|x64
		{B52A4837-D979-4F86-8654-C821B32EC2BB}.Ad-Hoc|x64.Deploy.0 = Release|x64
		{B52A4837-D979-4F86-8654-C821B32EC2BB}.Ad-Hoc|x86.ActiveCfg = Release|x86
		{B52A4837-D979-4F86-8654-C821B32EC2BB}.Ad-Hoc|x86.Build.0 = Release|x86
		{B52A4837-D979-4F86-8654-C821B32EC2BB}.Ad-Hoc|x86.Deploy.0 = Release|x86
		{B52A4837-D979-4F86-8654-C821B32EC2BB}.AppStore|Any CPU.ActiveCfg = Release|x86
		{B52A4837-D979-4F86-8654-C821B32EC2BB}.AppStore|Any CPU.Build.0 = Release|x86
		{B52A4837-D979-4F86-8654-C821B32EC2BB}.AppStore|Any CPU.Deploy.0 = Release|x86
		{B52A4837-D979-4F86-8654-C821B32EC2BB}.AppStore|ARM.ActiveCfg = Release|ARM
		{B52A4837-D979-4F86-8654-C821B32EC2BB}.AppStore|ARM.Build.0 = Release|ARM
		{B52A4837-D979-4F86-8654-C821B32EC2BB}.AppStore|ARM.Deploy.0 = Release|ARM
		{B52A4837-D979-4F86-8654-C821B32EC2BB}.AppStore|iPhone.ActiveCfg = Release|x86
		{B52A4837-D979-4F86-8654-C821B32EC2BB}.AppStore|iPhone.Build.0 = Release|x86
		{B52A4837-D979-4F86-8654-C821B32EC2BB}.AppStore|iPhone.Deploy.0 = Release|x86
		{B52A4837-D979-4F86-8654-C821B32EC2BB}.AppStore|iPhoneSimulator.ActiveCfg = Release|x86
		{B52A4837-D979-4F86-8654-C821B32EC2BB}.AppStore|iPhoneSimulator.Build.0 = Release|x86
		{B52A4837-D979-4F86-8654-C821B32EC2BB}.AppStore|iPhoneSimulator.Deploy.0 = Release|x86
		{B52A4837-D979-4F86-8654-C821B32EC2BB}.AppStore|x64.ActiveCfg = Release|x64
		{B52A4837-D979-4F86-8654-C821B32EC2BB}.AppStore|x64.Build.0 = Release|x64
		{B52A4837-D979-4F86-8654-C821B32EC2BB}.AppStore|x64.Deploy.0 = Release|x64
		{B52A4837-D979-4F86-8654-C821B32EC2BB}.AppStore|x86.ActiveCfg = Release|x86
		{B52A4837-D979-4F86-8654-C821B32EC2BB}.AppStore|x86.Build.0 = Release|x86
		{B52A4837-D979-4F86-8654-C821B32EC2BB}.AppStore|x86.Deploy.0 = Release|x86
		{B52A4837-D979-4F86-8654-C821B32EC2BB}.Debug|Any CPU.ActiveCfg = Debug|x86
		{B52A4837-D979-4F86-8654-C821B32EC2BB}.Debug|ARM.ActiveCfg = Debug|ARM
		{B52A4837-D979-4F86-8654-C821B32EC2BB}.Debug|ARM.Build.0 = Debug|ARM
		{B52A4837-D979-4F86-8654-C821B32EC2BB}.Debug|ARM.Deploy.0 = Debug|ARM
		{B52A4837-D979-4F86-8654-C821B32EC2BB}.Debug|iPhone.ActiveCfg = Debug|x86
		{B52A4837-D979-4F86-8654-C821B32EC2BB}.Debug|iPhoneSimulator.ActiveCfg = Debug|x86
		{B52A4837-D979-4F86-8654-C821B32EC2BB}.Debug|x64.ActiveCfg = Debug|x64
		{B52A4837-D979-4F86-8654-C821B32EC2BB}.Debug|x64.Build.0 = Debug|x64
		{B52A4837-D979-4F86-8654-C821B32EC2BB}.Debug|x64.Deploy.0 = Debug|x64
		{B52A4837-D979-4F86-8654-C821B32EC2BB}.Debug|x86.ActiveCfg = Debug|x86
		{B52A4837-D979-4F86-8654-C821B32EC2BB}.Debug|x86.Build.0 = Debug|x86
		{B52A4837-D979-4F86-8654-C821B32EC2BB}.Debug|x86.Deploy.0 = Debug|x86
		{B52A4837-D979-4F86-8654-C821B32EC2BB}.Release|Any CPU.ActiveCfg = Release|x86
		{B52A4837-D979-4F86-8654-C821B32EC2BB}.Release|ARM.ActiveCfg = Release|ARM
		{B52A4837-D979-4F86-8654-C821B32EC2BB}.Release|ARM.Build.0 = Release|ARM
		{B52A4837-D979-4F86-8654-C821B32EC2BB}.Release|ARM.Deploy.0 = Release|ARM
		{B52A4837-D979-4F86-8654-C821B32EC2BB}.Release|iPhone.ActiveCfg = Release|x86
		{B52A4837-D979-4F86-8654-C821B32EC2BB}.Release|iPhoneSimulator.ActiveCfg = Release|x86
		{B52A4837-D979-4F86-8654-C821B32EC2BB}.Release|x64.ActiveCfg = Release|x64
		{B52A4837-D979-4F86-8654-C821B32EC2BB}.Release|x64.Build.0 = Release|x64
		{B52A4837-D979-4F86-8654-C821B32EC2BB}.Release|x64.Deploy.0 = Release|x64
		{B52A4837-D979-4F86-8654-C821B32EC2BB}.Release|x86.ActiveCfg = Release|x86
		{B52A4837-D979-4F86-8654-C821B32EC2BB}.Release|x86.Build.0 = Release|x86
		{B52A4837-D979-4F86-8654-C821B32EC2BB}.Release|x86.Deploy.0 = Release|x86
		{20FDA6ED-B68E-4610-807B-F358668F181E}.Ad-Hoc|Any CPU.ActiveCfg = Release|Any CPU
		{20FDA6ED-B68E-4610-807B-F358668F181E}.Ad-Hoc|Any CPU.Build.0 = Release|Any CPU
		{20FDA6ED-B68E-4610-807B-F358668F181E}.Ad-Hoc|Any CPU.Deploy.0 = Release|Any CPU
		{20FDA6ED-B68E-4610-807B-F358668F181E}.Ad-Hoc|ARM.ActiveCfg = Release|Any CPU
		{20FDA6ED-B68E-4610-807B-F358668F181E}.Ad-Hoc|ARM.Build.0 = Release|Any CPU
		{20FDA6ED-B68E-4610-807B-F358668F181E}.Ad-Hoc|ARM.Deploy.0 = Release|Any CPU
		{20FDA6ED-B68E-4610-807B-F358668F181E}.Ad-Hoc|iPhone.ActiveCfg = Release|Any CPU
		{20FDA6ED-B68E-4610-807B-F358668F181E}.Ad-Hoc|iPhone.Build.0 = Release|Any CPU
		{20FDA6ED-B68E-4610-807B-F358668F181E}.Ad-Hoc|iPhone.Deploy.0 = Release|Any CPU
		{20FDA6ED-B68E-4610-807B-F358668F181E}.Ad-Hoc|iPhoneSimulator.ActiveCfg = Release|Any CPU
		{20FDA6ED-B68E-4610-807B-F358668F181E}.Ad-Hoc|iPhoneSimulator.Build.0 = Release|Any CPU
		{20FDA6ED-B68E-4610-807B-F358668F181E}.Ad-Hoc|iPhoneSimulator.Deploy.0 = Release|Any CPU
		{20FDA6ED-B68E-4610-807B-F358668F181E}.Ad-Hoc|x64.ActiveCfg = Release|Any CPU
		{20FDA6ED-B68E-4610-807B-F358668F181E}.Ad-Hoc|x64.Build.0 = Release|Any CPU
		{20FDA6ED-B68E-4610-807B-F358668F181E}.Ad-Hoc|x64.Deploy.0 = Release|Any CPU
		{20FDA6ED-B68E-4610-807B-F358668F181E}.Ad-Hoc|x86.ActiveCfg = Release|Any CPU
		{20FDA6ED-B68E-4610-807B-F358668F181E}.Ad-Hoc|x86.Build.0 = Release|Any CPU
		{20FDA6ED-B68E-4610-807B-F358668F181E}.Ad-Hoc|x86.Deploy.0 = Release|Any CPU
		{20FDA6ED-B68E-4610-807B-F358668F181E}.AppStore|Any CPU.ActiveCfg = Release|Any CPU
		{20FDA6ED-B68E-4610-807B-F358668F181E}.AppStore|Any CPU.Build.0 = Release|Any CPU
		{20FDA6ED-B68E-4610-807B-F358668F181E}.AppStore|Any CPU.Deploy.0 = Release|Any CPU
		{20FDA6ED-B68E-4610-807B-F358668F181E}.AppStore|ARM.ActiveCfg = Release|Any CPU
		{20FDA6ED-B68E-4610-807B-F358668F181E}.AppStore|ARM.Build.0 = Release|Any CPU
		{20FDA6ED-B68E-4610-807B-F358668F181E}.AppStore|ARM.Deploy.0 = Release|Any CPU
		{20FDA6ED-B68E-4610-807B-F358668F181E}.AppStore|iPhone.ActiveCfg = Release|Any CPU
		{20FDA6ED-B68E-4610-807B-F358668F181E}.AppStore|iPhone.Build.0 = Release|Any CPU
		{20FDA6ED-B68E-4610-807B-F358668F181E}.AppStore|iPhone.Deploy.0 = Release|Any CPU
		{20FDA6ED-B68E-4610-807B-F358668F181E}.AppStore|iPhoneSimulator.ActiveCfg = Release|Any CPU
		{20FDA6ED-B68E-4610-807B-F358668F181E}.AppStore|iPhoneSimulator.Build.0 = Release|Any CPU
		{20FDA6ED-B68E-4610-807B-F358668F181E}.AppStore|iPhoneSimulator.Deploy.0 = Release|Any CPU
		{20FDA6ED-B68E-4610-807B-F358668F181E}.AppStore|x64.ActiveCfg = Release|Any CPU
		{20FDA6ED-B68E-4610-807B-F358668F181E}.AppStore|x64.Build.0 = Release|Any CPU
		{20FDA6ED-B68E-4610-807B-F358668F181E}.AppStore|x64.Deploy.0 = Release|Any CPU
		{20FDA6ED-B68E-4610-807B-F358668F181E}.AppStore|x86.ActiveCfg = Release|Any CPU
		{20FDA6ED-B68E-4610-807B-F358668F181E}.AppStore|x86.Build.0 = Release|Any CPU
		{20FDA6ED-B68E-4610-807B-F358668F181E}.AppStore|x86.Deploy.0 = Release|Any CPU
		{20FDA6ED-B68E-4610-807B-F358668F181E}.Debug|Any CPU.ActiveCfg = Debug|Any CPU
		{20FDA6ED-B68E-4610-807B-F358668F181E}.Debug|Any CPU.Build.0 = Debug|Any CPU
		{20FDA6ED-B68E-4610-807B-F358668F181E}.Debug|Any CPU.Deploy.0 = Debug|Any CPU
		{20FDA6ED-B68E-4610-807B-F358668F181E}.Debug|ARM.ActiveCfg = Debug|Any CPU
		{20FDA6ED-B68E-4610-807B-F358668F181E}.Debug|ARM.Build.0 = Debug|Any CPU
		{20FDA6ED-B68E-4610-807B-F358668F181E}.Debug|ARM.Deploy.0 = Debug|Any CPU
		{20FDA6ED-B68E-4610-807B-F358668F181E}.Debug|iPhone.ActiveCfg = Debug|Any CPU
		{20FDA6ED-B68E-4610-807B-F358668F181E}.Debug|iPhone.Build.0 = Debug|Any CPU
		{20FDA6ED-B68E-4610-807B-F358668F181E}.Debug|iPhone.Deploy.0 = Debug|Any CPU
		{20FDA6ED-B68E-4610-807B-F358668F181E}.Debug|iPhoneSimulator.ActiveCfg = Debug|Any CPU
		{20FDA6ED-B68E-4610-807B-F358668F181E}.Debug|iPhoneSimulator.Build.0 = Debug|Any CPU
		{20FDA6ED-B68E-4610-807B-F358668F181E}.Debug|iPhoneSimulator.Deploy.0 = Debug|Any CPU
		{20FDA6ED-B68E-4610-807B-F358668F181E}.Debug|x64.ActiveCfg = Debug|Any CPU
		{20FDA6ED-B68E-4610-807B-F358668F181E}.Debug|x64.Build.0 = Debug|Any CPU
		{20FDA6ED-B68E-4610-807B-F358668F181E}.Debug|x64.Deploy.0 = Debug|Any CPU
		{20FDA6ED-B68E-4610-807B-F358668F181E}.Debug|x86.ActiveCfg = Debug|Any CPU
		{20FDA6ED-B68E-4610-807B-F358668F181E}.Debug|x86.Build.0 = Debug|Any CPU
		{20FDA6ED-B68E-4610-807B-F358668F181E}.Debug|x86.Deploy.0 = Debug|Any CPU
		{20FDA6ED-B68E-4610-807B-F358668F181E}.Release|Any CPU.ActiveCfg = Release|Any CPU
		{20FDA6ED-B68E-4610-807B-F358668F181E}.Release|Any CPU.Build.0 = Release|Any CPU
		{20FDA6ED-B68E-4610-807B-F358668F181E}.Release|Any CPU.Deploy.0 = Release|Any CPU
		{20FDA6ED-B68E-4610-807B-F358668F181E}.Release|ARM.ActiveCfg = Release|Any CPU
		{20FDA6ED-B68E-4610-807B-F358668F181E}.Release|ARM.Build.0 = Release|Any CPU
		{20FDA6ED-B68E-4610-807B-F358668F181E}.Release|ARM.Deploy.0 = Release|Any CPU
		{20FDA6ED-B68E-4610-807B-F358668F181E}.Release|iPhone.ActiveCfg = Release|Any CPU
		{20FDA6ED-B68E-4610-807B-F358668F181E}.Release|iPhone.Build.0 = Release|Any CPU
		{20FDA6ED-B68E-4610-807B-F358668F181E}.Release|iPhone.Deploy.0 = Release|Any CPU
		{20FDA6ED-B68E-4610-807B-F358668F181E}.Release|iPhoneSimulator.ActiveCfg = Release|Any CPU
		{20FDA6ED-B68E-4610-807B-F358668F181E}.Release|iPhoneSimulator.Build.0 = Release|Any CPU
		{20FDA6ED-B68E-4610-807B-F358668F181E}.Release|iPhoneSimulator.Deploy.0 = Release|Any CPU
		{20FDA6ED-B68E-4610-807B-F358668F181E}.Release|x64.ActiveCfg = Release|Any CPU
		{20FDA6ED-B68E-4610-807B-F358668F181E}.Release|x64.Build.0 = Release|Any CPU
		{20FDA6ED-B68E-4610-807B-F358668F181E}.Release|x64.Deploy.0 = Release|Any CPU
		{20FDA6ED-B68E-4610-807B-F358668F181E}.Release|x86.ActiveCfg = Release|Any CPU
		{20FDA6ED-B68E-4610-807B-F358668F181E}.Release|x86.Build.0 = Release|Any CPU
		{20FDA6ED-B68E-4610-807B-F358668F181E}.Release|x86.Deploy.0 = Release|Any CPU
		{B445DF73-AC9E-4276-9FBA-7CB5AD5D2518}.Ad-Hoc|Any CPU.ActiveCfg = Release|Any CPU
		{B445DF73-AC9E-4276-9FBA-7CB5AD5D2518}.Ad-Hoc|Any CPU.Build.0 = Release|Any CPU
		{B445DF73-AC9E-4276-9FBA-7CB5AD5D2518}.Ad-Hoc|ARM.ActiveCfg = Release|Any CPU
		{B445DF73-AC9E-4276-9FBA-7CB5AD5D2518}.Ad-Hoc|ARM.Build.0 = Release|Any CPU
		{B445DF73-AC9E-4276-9FBA-7CB5AD5D2518}.Ad-Hoc|iPhone.ActiveCfg = Release|Any CPU
		{B445DF73-AC9E-4276-9FBA-7CB5AD5D2518}.Ad-Hoc|iPhone.Build.0 = Release|Any CPU
		{B445DF73-AC9E-4276-9FBA-7CB5AD5D2518}.Ad-Hoc|iPhoneSimulator.ActiveCfg = Release|Any CPU
		{B445DF73-AC9E-4276-9FBA-7CB5AD5D2518}.Ad-Hoc|iPhoneSimulator.Build.0 = Release|Any CPU
		{B445DF73-AC9E-4276-9FBA-7CB5AD5D2518}.Ad-Hoc|x64.ActiveCfg = Release|Any CPU
		{B445DF73-AC9E-4276-9FBA-7CB5AD5D2518}.Ad-Hoc|x64.Build.0 = Release|Any CPU
		{B445DF73-AC9E-4276-9FBA-7CB5AD5D2518}.Ad-Hoc|x86.ActiveCfg = Release|Any CPU
		{B445DF73-AC9E-4276-9FBA-7CB5AD5D2518}.Ad-Hoc|x86.Build.0 = Release|Any CPU
		{B445DF73-AC9E-4276-9FBA-7CB5AD5D2518}.AppStore|Any CPU.ActiveCfg = Release|Any CPU
		{B445DF73-AC9E-4276-9FBA-7CB5AD5D2518}.AppStore|Any CPU.Build.0 = Release|Any CPU
		{B445DF73-AC9E-4276-9FBA-7CB5AD5D2518}.AppStore|ARM.ActiveCfg = Release|Any CPU
		{B445DF73-AC9E-4276-9FBA-7CB5AD5D2518}.AppStore|ARM.Build.0 = Release|Any CPU
		{B445DF73-AC9E-4276-9FBA-7CB5AD5D2518}.AppStore|iPhone.ActiveCfg = Release|Any CPU
		{B445DF73-AC9E-4276-9FBA-7CB5AD5D2518}.AppStore|iPhone.Build.0 = Release|Any CPU
		{B445DF73-AC9E-4276-9FBA-7CB5AD5D2518}.AppStore|iPhoneSimulator.ActiveCfg = Release|Any CPU
		{B445DF73-AC9E-4276-9FBA-7CB5AD5D2518}.AppStore|iPhoneSimulator.Build.0 = Release|Any CPU
		{B445DF73-AC9E-4276-9FBA-7CB5AD5D2518}.AppStore|x64.ActiveCfg = Release|Any CPU
		{B445DF73-AC9E-4276-9FBA-7CB5AD5D2518}.AppStore|x64.Build.0 = Release|Any CPU
		{B445DF73-AC9E-4276-9FBA-7CB5AD5D2518}.AppStore|x86.ActiveCfg = Release|Any CPU
		{B445DF73-AC9E-4276-9FBA-7CB5AD5D2518}.AppStore|x86.Build.0 = Release|Any CPU
		{B445DF73-AC9E-4276-9FBA-7CB5AD5D2518}.Debug|Any CPU.ActiveCfg = Debug|Any CPU
		{B445DF73-AC9E-4276-9FBA-7CB5AD5D2518}.Debug|Any CPU.Build.0 = Debug|Any CPU
		{B445DF73-AC9E-4276-9FBA-7CB5AD5D2518}.Debug|ARM.ActiveCfg = Debug|Any CPU
		{B445DF73-AC9E-4276-9FBA-7CB5AD5D2518}.Debug|ARM.Build.0 = Debug|Any CPU
		{B445DF73-AC9E-4276-9FBA-7CB5AD5D2518}.Debug|iPhone.ActiveCfg = Debug|Any CPU
		{B445DF73-AC9E-4276-9FBA-7CB5AD5D2518}.Debug|iPhone.Build.0 = Debug|Any CPU
		{B445DF73-AC9E-4276-9FBA-7CB5AD5D2518}.Debug|iPhoneSimulator.ActiveCfg = Debug|Any CPU
		{B445DF73-AC9E-4276-9FBA-7CB5AD5D2518}.Debug|iPhoneSimulator.Build.0 = Debug|Any CPU
		{B445DF73-AC9E-4276-9FBA-7CB5AD5D2518}.Debug|x64.ActiveCfg = Debug|Any CPU
		{B445DF73-AC9E-4276-9FBA-7CB5AD5D2518}.Debug|x64.Build.0 = Debug|Any CPU
		{B445DF73-AC9E-4276-9FBA-7CB5AD5D2518}.Debug|x86.ActiveCfg = Debug|Any CPU
		{B445DF73-AC9E-4276-9FBA-7CB5AD5D2518}.Debug|x86.Build.0 = Debug|Any CPU
		{B445DF73-AC9E-4276-9FBA-7CB5AD5D2518}.Release|Any CPU.ActiveCfg = Release|Any CPU
		{B445DF73-AC9E-4276-9FBA-7CB5AD5D2518}.Release|Any CPU.Build.0 = Release|Any CPU
		{B445DF73-AC9E-4276-9FBA-7CB5AD5D2518}.Release|ARM.ActiveCfg = Release|Any CPU
		{B445DF73-AC9E-4276-9FBA-7CB5AD5D2518}.Release|ARM.Build.0 = Release|Any CPU
		{B445DF73-AC9E-4276-9FBA-7CB5AD5D2518}.Release|iPhone.ActiveCfg = Release|Any CPU
		{B445DF73-AC9E-4276-9FBA-7CB5AD5D2518}.Release|iPhone.Build.0 = Release|Any CPU
		{B445DF73-AC9E-4276-9FBA-7CB5AD5D2518}.Release|iPhoneSimulator.ActiveCfg = Release|Any CPU
		{B445DF73-AC9E-4276-9FBA-7CB5AD5D2518}.Release|iPhoneSimulator.Build.0 = Release|Any CPU
		{B445DF73-AC9E-4276-9FBA-7CB5AD5D2518}.Release|x64.ActiveCfg = Release|Any CPU
		{B445DF73-AC9E-4276-9FBA-7CB5AD5D2518}.Release|x64.Build.0 = Release|Any CPU
		{B445DF73-AC9E-4276-9FBA-7CB5AD5D2518}.Release|x86.ActiveCfg = Release|Any CPU
		{B445DF73-AC9E-4276-9FBA-7CB5AD5D2518}.Release|x86.Build.0 = Release|Any CPU
	EndGlobalSection
	GlobalSection(SolutionProperties) = preSolution
		HideSolutionNode = FALSE
	EndGlobalSection
	GlobalSection(ExtensibilityGlobals) = postSolution
		SolutionGuid = {F6D05029-56B8-4E45-AF2D-0E76295DDBA2}
	EndGlobalSection
EndGlobal
