
Microsoft Visual Studio Solution File, Format Version 12.00
# Visual Studio 15
VisualStudioVersion = 15.0.26730.10
MinimumVisualStudioVersion = 10.0.40219.1
Project("{9A19103F-16F7-4668-BE54-9A1E7A4F7556}") = "FarmLabDevice", "FarmLabDevice\FarmLabDevice\FarmLabDevice.csproj", "{C19FA564-2066-40F4-B119-A7B1849203D1}"
EndProject
Project("{FAE04EC0-301F-11D3-BF4B-00C04F79EFBC}") = "FarmLabDevice.Android", "FarmLabDevice\FarmLabDevice.Android\FarmLabDevice.Android.csproj", "{74C41CA7-9AA7-4953-8BB8-9C9E8AFEDBB5}"
EndProject
Project("{FAE04EC0-301F-11D3-BF4B-00C04F79EFBC}") = "FarmLabDevice.UWP", "FarmLabDevice\FarmLabDevice.UWP\FarmLabDevice.UWP.csproj", "{3902F327-822D-4B41-BE56-F5C29C3873A2}"
EndProject
Global
	GlobalSection(SolutionConfigurationPlatforms) = preSolution
		Ad-Hoc|Any CPU = Ad-Hoc|Any CPU
		Ad-Hoc|ARM = Ad-Hoc|ARM
		Ad-Hoc|iPhone = Ad-Hoc|iPhone
		Ad-Hoc|iPhoneSimulator = Ad-Hoc|iPhoneSimulator
		Ad-Hoc|x64 = Ad-Hoc|x64
		Ad-Hoc|x86 = Ad-Hoc|x86
		AppStore|Any CPU = AppStore|Any CPU
		AppStore|ARM = AppStore|ARM
		AppStore|iPhone = AppStore|iPhone
		AppStore|iPhoneSimulator = AppStore|iPhoneSimulator
		AppStore|x64 = AppStore|x64
		AppStore|x86 = AppStore|x86
		Debug|Any CPU = Debug|Any CPU
		Debug|ARM = Debug|ARM
		Debug|iPhone = Debug|iPhone
		Debug|iPhoneSimulator = Debug|iPhoneSimulator
		Debug|x64 = Debug|x64
		Debug|x86 = Debug|x86
		Release|Any CPU = Release|Any CPU
		Release|ARM = Release|ARM
		Release|iPhone = Release|iPhone
		Release|iPhoneSimulator = Release|iPhoneSimulator
		Release|x64 = Release|x64
		Release|x86 = Release|x86
	EndGlobalSection
	GlobalSection(ProjectConfigurationPlatforms) = postSolution
		{C19FA564-2066-40F4-B119-A7B1849203D1}.Ad-Hoc|Any CPU.ActiveCfg = Debug|Any CPU
		{C19FA564-2066-40F4-B119-A7B1849203D1}.Ad-Hoc|Any CPU.Build.0 = Debug|Any CPU
		{C19FA564-2066-40F4-B119-A7B1849203D1}.Ad-Hoc|ARM.ActiveCfg = Debug|Any CPU
		{C19FA564-2066-40F4-B119-A7B1849203D1}.Ad-Hoc|ARM.Build.0 = Debug|Any CPU
		{C19FA564-2066-40F4-B119-A7B1849203D1}.Ad-Hoc|iPhone.ActiveCfg = Debug|Any CPU
		{C19FA564-2066-40F4-B119-A7B1849203D1}.Ad-Hoc|iPhone.Build.0 = Debug|Any CPU
		{C19FA564-2066-40F4-B119-A7B1849203D1}.Ad-Hoc|iPhoneSimulator.ActiveCfg = Debug|Any CPU
		{C19FA564-2066-40F4-B119-A7B1849203D1}.Ad-Hoc|iPhoneSimulator.Build.0 = Debug|Any CPU
		{C19FA564-2066-40F4-B119-A7B1849203D1}.Ad-Hoc|x64.ActiveCfg = Debug|Any CPU
		{C19FA564-2066-40F4-B119-A7B1849203D1}.Ad-Hoc|x64.Build.0 = Debug|Any CPU
		{C19FA564-2066-40F4-B119-A7B1849203D1}.Ad-Hoc|x86.ActiveCfg = Debug|Any CPU
		{C19FA564-2066-40F4-B119-A7B1849203D1}.Ad-Hoc|x86.Build.0 = Debug|Any CPU
		{C19FA564-2066-40F4-B119-A7B1849203D1}.AppStore|Any CPU.ActiveCfg = Debug|Any CPU
		{C19FA564-2066-40F4-B119-A7B1849203D1}.AppStore|Any CPU.Build.0 = Debug|Any CPU
		{C19FA564-2066-40F4-B119-A7B1849203D1}.AppStore|ARM.ActiveCfg = Debug|Any CPU
		{C19FA564-2066-40F4-B119-A7B1849203D1}.AppStore|ARM.Build.0 = Debug|Any CPU
		{C19FA564-2066-40F4-B119-A7B1849203D1}.AppStore|iPhone.ActiveCfg = Debug|Any CPU
		{C19FA564-2066-40F4-B119-A7B1849203D1}.AppStore|iPhone.Build.0 = Debug|Any CPU
		{C19FA564-2066-40F4-B119-A7B1849203D1}.AppStore|iPhoneSimulator.ActiveCfg = Debug|Any CPU
		{C19FA564-2066-40F4-B119-A7B1849203D1}.AppStore|iPhoneSimulator.Build.0 = Debug|Any CPU
		{C19FA564-2066-40F4-B119-A7B1849203D1}.AppStore|x64.ActiveCfg = Debug|Any CPU
		{C19FA564-2066-40F4-B119-A7B1849203D1}.AppStore|x64.Build.0 = Debug|Any CPU
		{C19FA564-2066-40F4-B119-A7B1849203D1}.AppStore|x86.ActiveCfg = Debug|Any CPU
		{C19FA564-2066-40F4-B119-A7B1849203D1}.AppStore|x86.Build.0 = Debug|Any CPU
		{C19FA564-2066-40F4-B119-A7B1849203D1}.Debug|Any CPU.ActiveCfg = Debug|Any CPU
		{C19FA564-2066-40F4-B119-A7B1849203D1}.Debug|Any CPU.Build.0 = Debug|Any CPU
		{C19FA564-2066-40F4-B119-A7B1849203D1}.Debug|ARM.ActiveCfg = Debug|Any CPU
		{C19FA564-2066-40F4-B119-A7B1849203D1}.Debug|ARM.Build.0 = Debug|Any CPU
		{C19FA564-2066-40F4-B119-A7B1849203D1}.Debug|iPhone.ActiveCfg = Debug|Any CPU
		{C19FA564-2066-40F4-B119-A7B1849203D1}.Debug|iPhone.Build.0 = Debug|Any CPU
		{C19FA564-2066-40F4-B119-A7B1849203D1}.Debug|iPhoneSimulator.ActiveCfg = Debug|Any CPU
		{C19FA564-2066-40F4-B119-A7B1849203D1}.Debug|iPhoneSimulator.Build.0 = Debug|Any CPU
		{C19FA564-2066-40F4-B119-A7B1849203D1}.Debug|x64.ActiveCfg = Debug|Any CPU
		{C19FA564-2066-40F4-B119-A7B1849203D1}.Debug|x64.Build.0 = Debug|Any CPU
		{C19FA564-2066-40F4-B119-A7B1849203D1}.Debug|x86.ActiveCfg = Debug|Any CPU
		{C19FA564-2066-40F4-B119-A7B1849203D1}.Debug|x86.Build.0 = Debug|Any CPU
		{C19FA564-2066-40F4-B119-A7B1849203D1}.Release|Any CPU.ActiveCfg = Release|Any CPU
		{C19FA564-2066-40F4-B119-A7B1849203D1}.Release|Any CPU.Build.0 = Release|Any CPU
		{C19FA564-2066-40F4-B119-A7B1849203D1}.Release|ARM.ActiveCfg = Release|Any CPU
		{C19FA564-2066-40F4-B119-A7B1849203D1}.Release|ARM.Build.0 = Release|Any CPU
		{C19FA564-2066-40F4-B119-A7B1849203D1}.Release|iPhone.ActiveCfg = Release|Any CPU
		{C19FA564-2066-40F4-B119-A7B1849203D1}.Release|iPhone.Build.0 = Release|Any CPU
		{C19FA564-2066-40F4-B119-A7B1849203D1}.Release|iPhoneSimulator.ActiveCfg = Release|Any CPU
		{C19FA564-2066-40F4-B119-A7B1849203D1}.Release|iPhoneSimulator.Build.0 = Release|Any CPU
		{C19FA564-2066-40F4-B119-A7B1849203D1}.Release|x64.ActiveCfg = Release|Any CPU
		{C19FA564-2066-40F4-B119-A7B1849203D1}.Release|x64.Build.0 = Release|Any CPU
		{C19FA564-2066-40F4-B119-A7B1849203D1}.Release|x86.ActiveCfg = Release|Any CPU
		{C19FA564-2066-40F4-B119-A7B1849203D1}.Release|x86.Build.0 = Release|Any CPU
		{74C41CA7-9AA7-4953-8BB8-9C9E8AFEDBB5}.Ad-Hoc|Any CPU.ActiveCfg = Release|Any CPU
		{74C41CA7-9AA7-4953-8BB8-9C9E8AFEDBB5}.Ad-Hoc|Any CPU.Build.0 = Release|Any CPU
		{74C41CA7-9AA7-4953-8BB8-9C9E8AFEDBB5}.Ad-Hoc|Any CPU.Deploy.0 = Release|Any CPU
		{74C41CA7-9AA7-4953-8BB8-9C9E8AFEDBB5}.Ad-Hoc|ARM.ActiveCfg = Release|Any CPU
		{74C41CA7-9AA7-4953-8BB8-9C9E8AFEDBB5}.Ad-Hoc|ARM.Build.0 = Release|Any CPU
		{74C41CA7-9AA7-4953-8BB8-9C9E8AFEDBB5}.Ad-Hoc|ARM.Deploy.0 = Release|Any CPU
		{74C41CA7-9AA7-4953-8BB8-9C9E8AFEDBB5}.Ad-Hoc|iPhone.ActiveCfg = Release|Any CPU
		{74C41CA7-9AA7-4953-8BB8-9C9E8AFEDBB5}.Ad-Hoc|iPhone.Build.0 = Release|Any CPU
		{74C41CA7-9AA7-4953-8BB8-9C9E8AFEDBB5}.Ad-Hoc|iPhone.Deploy.0 = Release|Any CPU
		{74C41CA7-9AA7-4953-8BB8-9C9E8AFEDBB5}.Ad-Hoc|iPhoneSimulator.ActiveCfg = Release|Any CPU
		{74C41CA7-9AA7-4953-8BB8-9C9E8AFEDBB5}.Ad-Hoc|iPhoneSimulator.Build.0 = Release|Any CPU
		{74C41CA7-9AA7-4953-8BB8-9C9E8AFEDBB5}.Ad-Hoc|iPhoneSimulator.Deploy.0 = Release|Any CPU
		{74C41CA7-9AA7-4953-8BB8-9C9E8AFEDBB5}.Ad-Hoc|x64.ActiveCfg = Release|Any CPU
		{74C41CA7-9AA7-4953-8BB8-9C9E8AFEDBB5}.Ad-Hoc|x64.Build.0 = Release|Any CPU
		{74C41CA7-9AA7-4953-8BB8-9C9E8AFEDBB5}.Ad-Hoc|x64.Deploy.0 = Release|Any CPU
		{74C41CA7-9AA7-4953-8BB8-9C9E8AFEDBB5}.Ad-Hoc|x86.ActiveCfg = Release|Any CPU
		{74C41CA7-9AA7-4953-8BB8-9C9E8AFEDBB5}.Ad-Hoc|x86.Build.0 = Release|Any CPU
		{74C41CA7-9AA7-4953-8BB8-9C9E8AFEDBB5}.Ad-Hoc|x86.Deploy.0 = Release|Any CPU
		{74C41CA7-9AA7-4953-8BB8-9C9E8AFEDBB5}.AppStore|Any CPU.ActiveCfg = Release|Any CPU
		{74C41CA7-9AA7-4953-8BB8-9C9E8AFEDBB5}.AppStore|Any CPU.Build.0 = Release|Any CPU
		{74C41CA7-9AA7-4953-8BB8-9C9E8AFEDBB5}.AppStore|Any CPU.Deploy.0 = Release|Any CPU
		{74C41CA7-9AA7-4953-8BB8-9C9E8AFEDBB5}.AppStore|ARM.ActiveCfg = Release|Any CPU
		{74C41CA7-9AA7-4953-8BB8-9C9E8AFEDBB5}.AppStore|ARM.Build.0 = Release|Any CPU
		{74C41CA7-9AA7-4953-8BB8-9C9E8AFEDBB5}.AppStore|ARM.Deploy.0 = Release|Any CPU
		{74C41CA7-9AA7-4953-8BB8-9C9E8AFEDBB5}.AppStore|iPhone.ActiveCfg = Release|Any CPU
		{74C41CA7-9AA7-4953-8BB8-9C9E8AFEDBB5}.AppStore|iPhone.Build.0 = Release|Any CPU
		{74C41CA7-9AA7-4953-8BB8-9C9E8AFEDBB5}.AppStore|iPhone.Deploy.0 = Release|Any CPU
		{74C41CA7-9AA7-4953-8BB8-9C9E8AFEDBB5}.AppStore|iPhoneSimulator.ActiveCfg = Release|Any CPU
		{74C41CA7-9AA7-4953-8BB8-9C9E8AFEDBB5}.AppStore|iPhoneSimulator.Build.0 = Release|Any CPU
		{74C41CA7-9AA7-4953-8BB8-9C9E8AFEDBB5}.AppStore|iPhoneSimulator.Deploy.0 = Release|Any CPU
		{74C41CA7-9AA7-4953-8BB8-9C9E8AFEDBB5}.AppStore|x64.ActiveCfg = Release|Any CPU
		{74C41CA7-9AA7-4953-8BB8-9C9E8AFEDBB5}.AppStore|x64.Build.0 = Release|Any CPU
		{74C41CA7-9AA7-4953-8BB8-9C9E8AFEDBB5}.AppStore|x64.Deploy.0 = Release|Any CPU
		{74C41CA7-9AA7-4953-8BB8-9C9E8AFEDBB5}.AppStore|x86.ActiveCfg = Release|Any CPU
		{74C41CA7-9AA7-4953-8BB8-9C9E8AFEDBB5}.AppStore|x86.Build.0 = Release|Any CPU
		{74C41CA7-9AA7-4953-8BB8-9C9E8AFEDBB5}.AppStore|x86.Deploy.0 = Release|Any CPU
		{74C41CA7-9AA7-4953-8BB8-9C9E8AFEDBB5}.Debug|Any CPU.ActiveCfg = Debug|Any CPU
		{74C41CA7-9AA7-4953-8BB8-9C9E8AFEDBB5}.Debug|Any CPU.Build.0 = Debug|Any CPU
		{74C41CA7-9AA7-4953-8BB8-9C9E8AFEDBB5}.Debug|Any CPU.Deploy.0 = Debug|Any CPU
		{74C41CA7-9AA7-4953-8BB8-9C9E8AFEDBB5}.Debug|ARM.ActiveCfg = Debug|Any CPU
		{74C41CA7-9AA7-4953-8BB8-9C9E8AFEDBB5}.Debug|ARM.Build.0 = Debug|Any CPU
		{74C41CA7-9AA7-4953-8BB8-9C9E8AFEDBB5}.Debug|ARM.Deploy.0 = Debug|Any CPU
		{74C41CA7-9AA7-4953-8BB8-9C9E8AFEDBB5}.Debug|iPhone.ActiveCfg = Debug|Any CPU
		{74C41CA7-9AA7-4953-8BB8-9C9E8AFEDBB5}.Debug|iPhone.Build.0 = Debug|Any CPU
		{74C41CA7-9AA7-4953-8BB8-9C9E8AFEDBB5}.Debug|iPhone.Deploy.0 = Debug|Any CPU
		{74C41CA7-9AA7-4953-8BB8-9C9E8AFEDBB5}.Debug|iPhoneSimulator.ActiveCfg = Debug|Any CPU
		{74C41CA7-9AA7-4953-8BB8-9C9E8AFEDBB5}.Debug|iPhoneSimulator.Build.0 = Debug|Any CPU
		{74C41CA7-9AA7-4953-8BB8-9C9E8AFEDBB5}.Debug|iPhoneSimulator.Deploy.0 = Debug|Any CPU
		{74C41CA7-9AA7-4953-8BB8-9C9E8AFEDBB5}.Debug|x64.ActiveCfg = Debug|Any CPU
		{74C41CA7-9AA7-4953-8BB8-9C9E8AFEDBB5}.Debug|x64.Build.0 = Debug|Any CPU
		{74C41CA7-9AA7-4953-8BB8-9C9E8AFEDBB5}.Debug|x64.Deploy.0 = Debug|Any CPU
		{74C41CA7-9AA7-4953-8BB8-9C9E8AFEDBB5}.Debug|x86.ActiveCfg = Debug|Any CPU
		{74C41CA7-9AA7-4953-8BB8-9C9E8AFEDBB5}.Debug|x86.Build.0 = Debug|Any CPU
		{74C41CA7-9AA7-4953-8BB8-9C9E8AFEDBB5}.Debug|x86.Deploy.0 = Debug|Any CPU
		{74C41CA7-9AA7-4953-8BB8-9C9E8AFEDBB5}.Release|Any CPU.ActiveCfg = Release|Any CPU
		{74C41CA7-9AA7-4953-8BB8-9C9E8AFEDBB5}.Release|Any CPU.Build.0 = Release|Any CPU
		{74C41CA7-9AA7-4953-8BB8-9C9E8AFEDBB5}.Release|Any CPU.Deploy.0 = Release|Any CPU
		{74C41CA7-9AA7-4953-8BB8-9C9E8AFEDBB5}.Release|ARM.ActiveCfg = Release|Any CPU
		{74C41CA7-9AA7-4953-8BB8-9C9E8AFEDBB5}.Release|ARM.Build.0 = Release|Any CPU
		{74C41CA7-9AA7-4953-8BB8-9C9E8AFEDBB5}.Release|ARM.Deploy.0 = Release|Any CPU
		{74C41CA7-9AA7-4953-8BB8-9C9E8AFEDBB5}.Release|iPhone.ActiveCfg = Release|Any CPU
		{74C41CA7-9AA7-4953-8BB8-9C9E8AFEDBB5}.Release|iPhone.Build.0 = Release|Any CPU
		{74C41CA7-9AA7-4953-8BB8-9C9E8AFEDBB5}.Release|iPhone.Deploy.0 = Release|Any CPU
		{74C41CA7-9AA7-4953-8BB8-9C9E8AFEDBB5}.Release|iPhoneSimulator.ActiveCfg = Release|Any CPU
		{74C41CA7-9AA7-4953-8BB8-9C9E8AFEDBB5}.Release|iPhoneSimulator.Build.0 = Release|Any CPU
		{74C41CA7-9AA7-4953-8BB8-9C9E8AFEDBB5}.Release|iPhoneSimulator.Deploy.0 = Release|Any CPU
		{74C41CA7-9AA7-4953-8BB8-9C9E8AFEDBB5}.Release|x64.ActiveCfg = Release|Any CPU
		{74C41CA7-9AA7-4953-8BB8-9C9E8AFEDBB5}.Release|x64.Build.0 = Release|Any CPU
		{74C41CA7-9AA7-4953-8BB8-9C9E8AFEDBB5}.Release|x64.Deploy.0 = Release|Any CPU
		{74C41CA7-9AA7-4953-8BB8-9C9E8AFEDBB5}.Release|x86.ActiveCfg = Release|Any CPU
		{74C41CA7-9AA7-4953-8BB8-9C9E8AFEDBB5}.Release|x86.Build.0 = Release|Any CPU
		{74C41CA7-9AA7-4953-8BB8-9C9E8AFEDBB5}.Release|x86.Deploy.0 = Release|Any CPU
		{3902F327-822D-4B41-BE56-F5C29C3873A2}.Ad-Hoc|Any CPU.ActiveCfg = Release|x86
		{3902F327-822D-4B41-BE56-F5C29C3873A2}.Ad-Hoc|Any CPU.Build.0 = Release|x86
		{3902F327-822D-4B41-BE56-F5C29C3873A2}.Ad-Hoc|Any CPU.Deploy.0 = Release|x86
		{3902F327-822D-4B41-BE56-F5C29C3873A2}.Ad-Hoc|ARM.ActiveCfg = Release|ARM
		{3902F327-822D-4B41-BE56-F5C29C3873A2}.Ad-Hoc|ARM.Build.0 = Release|ARM
		{3902F327-822D-4B41-BE56-F5C29C3873A2}.Ad-Hoc|ARM.Deploy.0 = Release|ARM
		{3902F327-822D-4B41-BE56-F5C29C3873A2}.Ad-Hoc|iPhone.ActiveCfg = Release|x86
		{3902F327-822D-4B41-BE56-F5C29C3873A2}.Ad-Hoc|iPhone.Build.0 = Release|x86
		{3902F327-822D-4B41-BE56-F5C29C3873A2}.Ad-Hoc|iPhone.Deploy.0 = Release|x86
		{3902F327-822D-4B41-BE56-F5C29C3873A2}.Ad-Hoc|iPhoneSimulator.ActiveCfg = Release|x86
		{3902F327-822D-4B41-BE56-F5C29C3873A2}.Ad-Hoc|iPhoneSimulator.Build.0 = Release|x86
		{3902F327-822D-4B41-BE56-F5C29C3873A2}.Ad-Hoc|iPhoneSimulator.Deploy.0 = Release|x86
		{3902F327-822D-4B41-BE56-F5C29C3873A2}.Ad-Hoc|x64.ActiveCfg = Release|x64
		{3902F327-822D-4B41-BE56-F5C29C3873A2}.Ad-Hoc|x64.Build.0 = Release|x64
		{3902F327-822D-4B41-BE56-F5C29C3873A2}.Ad-Hoc|x64.Deploy.0 = Release|x64
		{3902F327-822D-4B41-BE56-F5C29C3873A2}.Ad-Hoc|x86.ActiveCfg = Release|x86
		{3902F327-822D-4B41-BE56-F5C29C3873A2}.Ad-Hoc|x86.Build.0 = Release|x86
		{3902F327-822D-4B41-BE56-F5C29C3873A2}.Ad-Hoc|x86.Deploy.0 = Release|x86
		{3902F327-822D-4B41-BE56-F5C29C3873A2}.AppStore|Any CPU.ActiveCfg = Release|x86
		{3902F327-822D-4B41-BE56-F5C29C3873A2}.AppStore|Any CPU.Build.0 = Release|x86
		{3902F327-822D-4B41-BE56-F5C29C3873A2}.AppStore|Any CPU.Deploy.0 = Release|x86
		{3902F327-822D-4B41-BE56-F5C29C3873A2}.AppStore|ARM.ActiveCfg = Release|ARM
		{3902F327-822D-4B41-BE56-F5C29C3873A2}.AppStore|ARM.Build.0 = Release|ARM
		{3902F327-822D-4B41-BE56-F5C29C3873A2}.AppStore|ARM.Deploy.0 = Release|ARM
		{3902F327-822D-4B41-BE56-F5C29C3873A2}.AppStore|iPhone.ActiveCfg = Release|x86
		{3902F327-822D-4B41-BE56-F5C29C3873A2}.AppStore|iPhone.Build.0 = Release|x86
		{3902F327-822D-4B41-BE56-F5C29C3873A2}.AppStore|iPhone.Deploy.0 = Release|x86
		{3902F327-822D-4B41-BE56-F5C29C3873A2}.AppStore|iPhoneSimulator.ActiveCfg = Release|x86
		{3902F327-822D-4B41-BE56-F5C29C3873A2}.AppStore|iPhoneSimulator.Build.0 = Release|x86
		{3902F327-822D-4B41-BE56-F5C29C3873A2}.AppStore|iPhoneSimulator.Deploy.0 = Release|x86
		{3902F327-822D-4B41-BE56-F5C29C3873A2}.AppStore|x64.ActiveCfg = Release|x64
		{3902F327-822D-4B41-BE56-F5C29C3873A2}.AppStore|x64.Build.0 = Release|x64
		{3902F327-822D-4B41-BE56-F5C29C3873A2}.AppStore|x64.Deploy.0 = Release|x64
		{3902F327-822D-4B41-BE56-F5C29C3873A2}.AppStore|x86.ActiveCfg = Release|x86
		{3902F327-822D-4B41-BE56-F5C29C3873A2}.AppStore|x86.Build.0 = Release|x86
		{3902F327-822D-4B41-BE56-F5C29C3873A2}.AppStore|x86.Deploy.0 = Release|x86
		{3902F327-822D-4B41-BE56-F5C29C3873A2}.Debug|Any CPU.ActiveCfg = Debug|x86
		{3902F327-822D-4B41-BE56-F5C29C3873A2}.Debug|ARM.ActiveCfg = Debug|ARM
		{3902F327-822D-4B41-BE56-F5C29C3873A2}.Debug|ARM.Build.0 = Debug|ARM
		{3902F327-822D-4B41-BE56-F5C29C3873A2}.Debug|ARM.Deploy.0 = Debug|ARM
		{3902F327-822D-4B41-BE56-F5C29C3873A2}.Debug|iPhone.ActiveCfg = Debug|x86
		{3902F327-822D-4B41-BE56-F5C29C3873A2}.Debug|iPhoneSimulator.ActiveCfg = Debug|x86
		{3902F327-822D-4B41-BE56-F5C29C3873A2}.Debug|x64.ActiveCfg = Debug|x64
		{3902F327-822D-4B41-BE56-F5C29C3873A2}.Debug|x64.Build.0 = Debug|x64
		{3902F327-822D-4B41-BE56-F5C29C3873A2}.Debug|x64.Deploy.0 = Debug|x64
		{3902F327-822D-4B41-BE56-F5C29C3873A2}.Debug|x86.ActiveCfg = Debug|x86
		{3902F327-822D-4B41-BE56-F5C29C3873A2}.Debug|x86.Build.0 = Debug|x86
		{3902F327-822D-4B41-BE56-F5C29C3873A2}.Debug|x86.Deploy.0 = Debug|x86
		{3902F327-822D-4B41-BE56-F5C29C3873A2}.Release|Any CPU.ActiveCfg = Release|x86
		{3902F327-822D-4B41-BE56-F5C29C3873A2}.Release|ARM.ActiveCfg = Release|ARM
		{3902F327-822D-4B41-BE56-F5C29C3873A2}.Release|ARM.Build.0 = Release|ARM
		{3902F327-822D-4B41-BE56-F5C29C3873A2}.Release|ARM.Deploy.0 = Release|ARM
		{3902F327-822D-4B41-BE56-F5C29C3873A2}.Release|iPhone.ActiveCfg = Release|x86
		{3902F327-822D-4B41-BE56-F5C29C3873A2}.Release|iPhoneSimulator.ActiveCfg = Release|x86
		{3902F327-822D-4B41-BE56-F5C29C3873A2}.Release|x64.ActiveCfg = Release|x64
		{3902F327-822D-4B41-BE56-F5C29C3873A2}.Release|x64.Build.0 = Release|x64
		{3902F327-822D-4B41-BE56-F5C29C3873A2}.Release|x64.Deploy.0 = Release|x64
		{3902F327-822D-4B41-BE56-F5C29C3873A2}.Release|x86.ActiveCfg = Release|x86
		{3902F327-822D-4B41-BE56-F5C29C3873A2}.Release|x86.Build.0 = Release|x86
		{3902F327-822D-4B41-BE56-F5C29C3873A2}.Release|x86.Deploy.0 = Release|x86
	EndGlobalSection
	GlobalSection(SolutionProperties) = preSolution
		HideSolutionNode = FALSE
	EndGlobalSection
	GlobalSection(ExtensibilityGlobals) = postSolution
		SolutionGuid = {F6D05029-56B8-4E45-AF2D-0E76295DDBA2}
	EndGlobalSection
EndGlobal
